
Microsoft Visual Studio Solution File, Format Version 12.00
# Visual Studio 15
VisualStudioVersion = 15.0.27428.2043
MinimumVisualStudioVersion = 10.0.40219.1
Project("{9A19103F-16F7-4668-BE54-9A1E7A4F7556}") = "Taxology.Site", "Taxology.Site\Taxology.Site.csproj", "{B65B9B9E-41FA-473B-8F77-411EF067CC04}"
EndProject
Project("{2150E333-8FDC-42A3-9474-1A3956D46DE8}") = "Product", "Product", "{C85369E0-02F5-4F39-8C5C-ED4171F6BD48}"
EndProject
Project("{9A19103F-16F7-4668-BE54-9A1E7A4F7556}") = "Product.Domain", "Product.Domain\Product.Domain.csproj", "{608E506F-C3E2-4F79-BD67-53FF25652BD8}"
EndProject
Project("{2150E333-8FDC-42A3-9474-1A3956D46DE8}") = "SharedKernel", "SharedKernel", "{76F77846-C967-4D0B-958A-8A430248DAB7}"
EndProject
Project("{9A19103F-16F7-4668-BE54-9A1E7A4F7556}") = "Shared.Domain", "Shared.Domain\Shared.Domain.csproj", "{2ACFA8D7-4849-4BB9-BFD3-8C7856177A45}"
EndProject
Project("{2150E333-8FDC-42A3-9474-1A3956D46DE8}") = "Customer", "Customer", "{B4726436-74D5-4DA6-9DCB-0F678E8E3952}"
EndProject
Project("{9A19103F-16F7-4668-BE54-9A1E7A4F7556}") = "Customer.Domain", "Customer.Domain\Customer.Domain.csproj", "{F9F77172-CA18-4509-8D39-8A19A1ACA325}"
EndProject
Project("{9A19103F-16F7-4668-BE54-9A1E7A4F7556}") = "Customer.DTO", "Customer.DTO\Customer.DTO.csproj", "{CEC0E08D-8F82-4585-9B7F-401AEB279884}"
EndProject
Project("{9A19103F-16F7-4668-BE54-9A1E7A4F7556}") = "Shared.DTO", "Shared.DTO\Shared.DTO.csproj", "{C00BF4D2-588A-4767-B86B-6A2493839827}"
EndProject
Project("{9A19103F-16F7-4668-BE54-9A1E7A4F7556}") = "Customer.Persistency", "Customer.Persistency\Customer.Persistency.csproj", "{C60F54A6-3A20-4325-9D0B-7C7E0773D4D5}"
EndProject
Project("{9A19103F-16F7-4668-BE54-9A1E7A4F7556}") = "Shared.Service", "Shared.Service\Shared.Service.csproj", "{F199DAAA-B42C-4D8C-86A1-7AB2AA49B17F}"
EndProject
Project("{2150E333-8FDC-42A3-9474-1A3956D46DE8}") = "Order", "Order", "{9B235E46-20CB-47CC-AA3B-D531E3F38A95}"
EndProject
Project("{9A19103F-16F7-4668-BE54-9A1E7A4F7556}") = "Order.Domain", "Order.Domain\Order.Domain.csproj", "{304D7D29-5DDA-4EEC-A55B-5ED02774E4B4}"
EndProject
Project("{9A19103F-16F7-4668-BE54-9A1E7A4F7556}") = "Order.DTO", "Order.DTO\Order.DTO.csproj", "{13074A9D-91B4-4BF7-9385-AA26D7D4861E}"
EndProject
Project("{9A19103F-16F7-4668-BE54-9A1E7A4F7556}") = "Product.DTO", "Product.DTO\Product.DTO.csproj", "{D75DC775-E7BD-4DCC-ADCC-D231F77F7896}"
EndProject
Project("{9A19103F-16F7-4668-BE54-9A1E7A4F7556}") = "Product.Persistency", "Product.Persistency\Product.Persistency.csproj", "{956320B0-12BA-4B42-90BF-6737289B47CF}"
EndProject
Project("{9A19103F-16F7-4668-BE54-9A1E7A4F7556}") = "Shared.Persistency", "Shared.Persistency\Shared.Persistency.csproj", "{5D73D944-81C7-4684-9CCE-D864C827C7CD}"
EndProject
Project("{2150E333-8FDC-42A3-9474-1A3956D46DE8}") = "Solution Items", "Solution Items", "{83412855-CA54-47B1-B79B-107E63A80C85}"
	ProjectSection(SolutionItems) = preProject
		ContextScript.txt = ContextScript.txt
	EndProjectSection
EndProject
Project("{E53339B2-1760-4266-BCC7-CA923CBCF16C}") = "docker-compose", "docker-compose.dcproj", "{85972A06-5980-4B82-A83A-A97D3A24EE2B}"
EndProject
Project("{2150E333-8FDC-42A3-9474-1A3956D46DE8}") = "ShoppingCart", "ShoppingCart", "{A902CCC5-F2A3-4142-BF68-3566AA24D0B4}"
EndProject
Project("{9A19103F-16F7-4668-BE54-9A1E7A4F7556}") = "ShoppingCart.Domain", "ShoppingCart.Domain\ShoppingCart.Domain.csproj", "{E5FF8662-5B06-4C9F-8108-73FEE013DD0E}"
EndProject
Project("{9A19103F-16F7-4668-BE54-9A1E7A4F7556}") = "ShoppingCart.DTO", "ShoppingCart.DTO\ShoppingCart.DTO.csproj", "{8954E73C-4B66-4D42-94B6-DC79EE15EEAA}"
EndProject
Project("{9A19103F-16F7-4668-BE54-9A1E7A4F7556}") = "ShoppingCart.Persistency", "ShoppingCart.Persistency\ShoppingCart.Persistency.csproj", "{15873CA7-90F5-4185-B830-6321D6F67BC7}"
EndProject
Project("{9A19103F-16F7-4668-BE54-9A1E7A4F7556}") = "Shared.Authentication", "Shared.Authentication\Shared.Authentication.csproj", "{CE980925-D9B4-4E7E-8FAF-B729B8360545}"
EndProject
Project("{9A19103F-16F7-4668-BE54-9A1E7A4F7556}") = "Order.Persistency", "Order.Persistency\Order.Persistency.csproj", "{A8E50EDD-1BAE-41BD-B2B3-EA746A5006A5}"
EndProject
Project("{9A19103F-16F7-4668-BE54-9A1E7A4F7556}") = "Shared.Mapping", "Shared.Mapping\Shared.Mapping.csproj", "{7ABBA7D6-AC1B-4B8B-B9F8-520303838D7E}"
EndProject
Project("{9A19103F-16F7-4668-BE54-9A1E7A4F7556}") = "Taxology.WebAPI", "Taxology.WebAPI\Taxology.WebAPI.csproj", "{C8E8D63B-B2F3-4F9F-8DA3-5D49BD20E64D}"
EndProject
Project("{9A19103F-16F7-4668-BE54-9A1E7A4F7556}") = "Customer.Console.Service", "Customer.Console.Service\Customer.Console.Service.csproj", "{F7069B9D-31AB-494F-A083-8F7F3AFB7033}"
EndProject
Project("{9A19103F-16F7-4668-BE54-9A1E7A4F7556}") = "Product.Console.Service", "Product.Console.Service\Product.Console.Service.csproj", "{B0B92AE1-AC01-4611-9A3F-3698E64B5F57}"
EndProject
Project("{9A19103F-16F7-4668-BE54-9A1E7A4F7556}") = "Order.Console.Service", "Order.Console.Service\Order.Console.Service.csproj", "{EE4E65BC-7CDA-42D9-90F8-AFB745A43FD4}"
EndProject
Project("{9A19103F-16F7-4668-BE54-9A1E7A4F7556}") = "ShoppingCart.Console.Service", "ShoppingCart.Console.Service\ShoppingCart.Console.Service.csproj", "{3FB177F4-76FD-4E16-8542-6938A2DD1C2E}"
EndProject
Project("{9A19103F-16F7-4668-BE54-9A1E7A4F7556}") = "Customer.Tests", "Customer.Tests\Customer.Tests.csproj", "{64E9ED3C-69A7-4236-B1DF-BA64E7ED16F7}"
EndProject
Global
	GlobalSection(SolutionConfigurationPlatforms) = preSolution
		Debug|Any CPU = Debug|Any CPU
		Debug|x64 = Debug|x64
		Release|Any CPU = Release|Any CPU
		Release|x64 = Release|x64
	EndGlobalSection
	GlobalSection(ProjectConfigurationPlatforms) = postSolution
		{B65B9B9E-41FA-473B-8F77-411EF067CC04}.Debug|Any CPU.ActiveCfg = Debug|Any CPU
		{B65B9B9E-41FA-473B-8F77-411EF067CC04}.Debug|Any CPU.Build.0 = Debug|Any CPU
		{B65B9B9E-41FA-473B-8F77-411EF067CC04}.Debug|x64.ActiveCfg = Debug|Any CPU
		{B65B9B9E-41FA-473B-8F77-411EF067CC04}.Debug|x64.Build.0 = Debug|Any CPU
		{B65B9B9E-41FA-473B-8F77-411EF067CC04}.Release|Any CPU.ActiveCfg = Release|Any CPU
		{B65B9B9E-41FA-473B-8F77-411EF067CC04}.Release|Any CPU.Build.0 = Release|Any CPU
		{B65B9B9E-41FA-473B-8F77-411EF067CC04}.Release|x64.ActiveCfg = Release|Any CPU
		{B65B9B9E-41FA-473B-8F77-411EF067CC04}.Release|x64.Build.0 = Release|Any CPU
		{608E506F-C3E2-4F79-BD67-53FF25652BD8}.Debug|Any CPU.ActiveCfg = Debug|Any CPU
		{608E506F-C3E2-4F79-BD67-53FF25652BD8}.Debug|Any CPU.Build.0 = Debug|Any CPU
		{608E506F-C3E2-4F79-BD67-53FF25652BD8}.Debug|x64.ActiveCfg = Debug|Any CPU
		{608E506F-C3E2-4F79-BD67-53FF25652BD8}.Debug|x64.Build.0 = Debug|Any CPU
		{608E506F-C3E2-4F79-BD67-53FF25652BD8}.Release|Any CPU.ActiveCfg = Release|Any CPU
		{608E506F-C3E2-4F79-BD67-53FF25652BD8}.Release|Any CPU.Build.0 = Release|Any CPU
		{608E506F-C3E2-4F79-BD67-53FF25652BD8}.Release|x64.ActiveCfg = Release|Any CPU
		{608E506F-C3E2-4F79-BD67-53FF25652BD8}.Release|x64.Build.0 = Release|Any CPU
		{2ACFA8D7-4849-4BB9-BFD3-8C7856177A45}.Debug|Any CPU.ActiveCfg = Debug|Any CPU
		{2ACFA8D7-4849-4BB9-BFD3-8C7856177A45}.Debug|Any CPU.Build.0 = Debug|Any CPU
		{2ACFA8D7-4849-4BB9-BFD3-8C7856177A45}.Debug|x64.ActiveCfg = Debug|Any CPU
		{2ACFA8D7-4849-4BB9-BFD3-8C7856177A45}.Debug|x64.Build.0 = Debug|Any CPU
		{2ACFA8D7-4849-4BB9-BFD3-8C7856177A45}.Release|Any CPU.ActiveCfg = Release|Any CPU
		{2ACFA8D7-4849-4BB9-BFD3-8C7856177A45}.Release|Any CPU.Build.0 = Release|Any CPU
		{2ACFA8D7-4849-4BB9-BFD3-8C7856177A45}.Release|x64.ActiveCfg = Release|Any CPU
		{2ACFA8D7-4849-4BB9-BFD3-8C7856177A45}.Release|x64.Build.0 = Release|Any CPU
		{F9F77172-CA18-4509-8D39-8A19A1ACA325}.Debug|Any CPU.ActiveCfg = Debug|Any CPU
		{F9F77172-CA18-4509-8D39-8A19A1ACA325}.Debug|Any CPU.Build.0 = Debug|Any CPU
		{F9F77172-CA18-4509-8D39-8A19A1ACA325}.Debug|x64.ActiveCfg = Debug|Any CPU
		{F9F77172-CA18-4509-8D39-8A19A1ACA325}.Debug|x64.Build.0 = Debug|Any CPU
		{F9F77172-CA18-4509-8D39-8A19A1ACA325}.Release|Any CPU.ActiveCfg = Release|Any CPU
		{F9F77172-CA18-4509-8D39-8A19A1ACA325}.Release|Any CPU.Build.0 = Release|Any CPU
		{F9F77172-CA18-4509-8D39-8A19A1ACA325}.Release|x64.ActiveCfg = Release|Any CPU
		{F9F77172-CA18-4509-8D39-8A19A1ACA325}.Release|x64.Build.0 = Release|Any CPU
		{CEC0E08D-8F82-4585-9B7F-401AEB279884}.Debug|Any CPU.ActiveCfg = Debug|Any CPU
		{CEC0E08D-8F82-4585-9B7F-401AEB279884}.Debug|Any CPU.Build.0 = Debug|Any CPU
		{CEC0E08D-8F82-4585-9B7F-401AEB279884}.Debug|x64.ActiveCfg = Debug|Any CPU
		{CEC0E08D-8F82-4585-9B7F-401AEB279884}.Debug|x64.Build.0 = Debug|Any CPU
		{CEC0E08D-8F82-4585-9B7F-401AEB279884}.Release|Any CPU.ActiveCfg = Release|Any CPU
		{CEC0E08D-8F82-4585-9B7F-401AEB279884}.Release|Any CPU.Build.0 = Release|Any CPU
		{CEC0E08D-8F82-4585-9B7F-401AEB279884}.Release|x64.ActiveCfg = Release|Any CPU
		{CEC0E08D-8F82-4585-9B7F-401AEB279884}.Release|x64.Build.0 = Release|Any CPU
		{C00BF4D2-588A-4767-B86B-6A2493839827}.Debug|Any CPU.ActiveCfg = Debug|Any CPU
		{C00BF4D2-588A-4767-B86B-6A2493839827}.Debug|Any CPU.Build.0 = Debug|Any CPU
		{C00BF4D2-588A-4767-B86B-6A2493839827}.Debug|x64.ActiveCfg = Debug|Any CPU
		{C00BF4D2-588A-4767-B86B-6A2493839827}.Debug|x64.Build.0 = Debug|Any CPU
		{C00BF4D2-588A-4767-B86B-6A2493839827}.Release|Any CPU.ActiveCfg = Release|Any CPU
		{C00BF4D2-588A-4767-B86B-6A2493839827}.Release|Any CPU.Build.0 = Release|Any CPU
		{C00BF4D2-588A-4767-B86B-6A2493839827}.Release|x64.ActiveCfg = Release|Any CPU
		{C00BF4D2-588A-4767-B86B-6A2493839827}.Release|x64.Build.0 = Release|Any CPU
		{C60F54A6-3A20-4325-9D0B-7C7E0773D4D5}.Debug|Any CPU.ActiveCfg = Debug|Any CPU
		{C60F54A6-3A20-4325-9D0B-7C7E0773D4D5}.Debug|Any CPU.Build.0 = Debug|Any CPU
		{C60F54A6-3A20-4325-9D0B-7C7E0773D4D5}.Debug|x64.ActiveCfg = Debug|Any CPU
		{C60F54A6-3A20-4325-9D0B-7C7E0773D4D5}.Debug|x64.Build.0 = Debug|Any CPU
		{C60F54A6-3A20-4325-9D0B-7C7E0773D4D5}.Release|Any CPU.ActiveCfg = Release|Any CPU
		{C60F54A6-3A20-4325-9D0B-7C7E0773D4D5}.Release|Any CPU.Build.0 = Release|Any CPU
		{C60F54A6-3A20-4325-9D0B-7C7E0773D4D5}.Release|x64.ActiveCfg = Release|Any CPU
		{C60F54A6-3A20-4325-9D0B-7C7E0773D4D5}.Release|x64.Build.0 = Release|Any CPU
		{F199DAAA-B42C-4D8C-86A1-7AB2AA49B17F}.Debug|Any CPU.ActiveCfg = Debug|Any CPU
		{F199DAAA-B42C-4D8C-86A1-7AB2AA49B17F}.Debug|Any CPU.Build.0 = Debug|Any CPU
		{F199DAAA-B42C-4D8C-86A1-7AB2AA49B17F}.Debug|x64.ActiveCfg = Debug|Any CPU
		{F199DAAA-B42C-4D8C-86A1-7AB2AA49B17F}.Debug|x64.Build.0 = Debug|Any CPU
		{F199DAAA-B42C-4D8C-86A1-7AB2AA49B17F}.Release|Any CPU.ActiveCfg = Release|Any CPU
		{F199DAAA-B42C-4D8C-86A1-7AB2AA49B17F}.Release|Any CPU.Build.0 = Release|Any CPU
		{F199DAAA-B42C-4D8C-86A1-7AB2AA49B17F}.Release|x64.ActiveCfg = Release|Any CPU
		{F199DAAA-B42C-4D8C-86A1-7AB2AA49B17F}.Release|x64.Build.0 = Release|Any CPU
		{304D7D29-5DDA-4EEC-A55B-5ED02774E4B4}.Debug|Any CPU.ActiveCfg = Debug|Any CPU
		{304D7D29-5DDA-4EEC-A55B-5ED02774E4B4}.Debug|Any CPU.Build.0 = Debug|Any CPU
		{304D7D29-5DDA-4EEC-A55B-5ED02774E4B4}.Debug|x64.ActiveCfg = Debug|Any CPU
		{304D7D29-5DDA-4EEC-A55B-5ED02774E4B4}.Debug|x64.Build.0 = Debug|Any CPU
		{304D7D29-5DDA-4EEC-A55B-5ED02774E4B4}.Release|Any CPU.ActiveCfg = Release|Any CPU
		{304D7D29-5DDA-4EEC-A55B-5ED02774E4B4}.Release|Any CPU.Build.0 = Release|Any CPU
		{304D7D29-5DDA-4EEC-A55B-5ED02774E4B4}.Release|x64.ActiveCfg = Release|Any CPU
		{304D7D29-5DDA-4EEC-A55B-5ED02774E4B4}.Release|x64.Build.0 = Release|Any CPU
		{13074A9D-91B4-4BF7-9385-AA26D7D4861E}.Debug|Any CPU.ActiveCfg = Debug|Any CPU
		{13074A9D-91B4-4BF7-9385-AA26D7D4861E}.Debug|Any CPU.Build.0 = Debug|Any CPU
		{13074A9D-91B4-4BF7-9385-AA26D7D4861E}.Debug|x64.ActiveCfg = Debug|Any CPU
		{13074A9D-91B4-4BF7-9385-AA26D7D4861E}.Debug|x64.Build.0 = Debug|Any CPU
		{13074A9D-91B4-4BF7-9385-AA26D7D4861E}.Release|Any CPU.ActiveCfg = Release|Any CPU
		{13074A9D-91B4-4BF7-9385-AA26D7D4861E}.Release|Any CPU.Build.0 = Release|Any CPU
		{13074A9D-91B4-4BF7-9385-AA26D7D4861E}.Release|x64.ActiveCfg = Release|Any CPU
		{13074A9D-91B4-4BF7-9385-AA26D7D4861E}.Release|x64.Build.0 = Release|Any CPU
		{D75DC775-E7BD-4DCC-ADCC-D231F77F7896}.Debug|Any CPU.ActiveCfg = Debug|Any CPU
		{D75DC775-E7BD-4DCC-ADCC-D231F77F7896}.Debug|Any CPU.Build.0 = Debug|Any CPU
		{D75DC775-E7BD-4DCC-ADCC-D231F77F7896}.Debug|x64.ActiveCfg = Debug|Any CPU
		{D75DC775-E7BD-4DCC-ADCC-D231F77F7896}.Debug|x64.Build.0 = Debug|Any CPU
		{D75DC775-E7BD-4DCC-ADCC-D231F77F7896}.Release|Any CPU.ActiveCfg = Release|Any CPU
		{D75DC775-E7BD-4DCC-ADCC-D231F77F7896}.Release|Any CPU.Build.0 = Release|Any CPU
		{D75DC775-E7BD-4DCC-ADCC-D231F77F7896}.Release|x64.ActiveCfg = Release|Any CPU
		{D75DC775-E7BD-4DCC-ADCC-D231F77F7896}.Release|x64.Build.0 = Release|Any CPU
		{956320B0-12BA-4B42-90BF-6737289B47CF}.Debug|Any CPU.ActiveCfg = Debug|Any CPU
		{956320B0-12BA-4B42-90BF-6737289B47CF}.Debug|Any CPU.Build.0 = Debug|Any CPU
		{956320B0-12BA-4B42-90BF-6737289B47CF}.Debug|x64.ActiveCfg = Debug|Any CPU
		{956320B0-12BA-4B42-90BF-6737289B47CF}.Debug|x64.Build.0 = Debug|Any CPU
		{956320B0-12BA-4B42-90BF-6737289B47CF}.Release|Any CPU.ActiveCfg = Release|Any CPU
		{956320B0-12BA-4B42-90BF-6737289B47CF}.Release|Any CPU.Build.0 = Release|Any CPU
		{956320B0-12BA-4B42-90BF-6737289B47CF}.Release|x64.ActiveCfg = Release|Any CPU
		{956320B0-12BA-4B42-90BF-6737289B47CF}.Release|x64.Build.0 = Release|Any CPU
		{5D73D944-81C7-4684-9CCE-D864C827C7CD}.Debug|Any CPU.ActiveCfg = Debug|Any CPU
		{5D73D944-81C7-4684-9CCE-D864C827C7CD}.Debug|Any CPU.Build.0 = Debug|Any CPU
		{5D73D944-81C7-4684-9CCE-D864C827C7CD}.Debug|x64.ActiveCfg = Debug|Any CPU
		{5D73D944-81C7-4684-9CCE-D864C827C7CD}.Debug|x64.Build.0 = Debug|Any CPU
		{5D73D944-81C7-4684-9CCE-D864C827C7CD}.Release|Any CPU.ActiveCfg = Release|Any CPU
		{5D73D944-81C7-4684-9CCE-D864C827C7CD}.Release|Any CPU.Build.0 = Release|Any CPU
		{5D73D944-81C7-4684-9CCE-D864C827C7CD}.Release|x64.ActiveCfg = Release|Any CPU
		{5D73D944-81C7-4684-9CCE-D864C827C7CD}.Release|x64.Build.0 = Release|Any CPU
		{85972A06-5980-4B82-A83A-A97D3A24EE2B}.Debug|Any CPU.ActiveCfg = Debug|Any CPU
		{85972A06-5980-4B82-A83A-A97D3A24EE2B}.Debug|Any CPU.Build.0 = Debug|Any CPU
		{85972A06-5980-4B82-A83A-A97D3A24EE2B}.Debug|x64.ActiveCfg = Debug|Any CPU
		{85972A06-5980-4B82-A83A-A97D3A24EE2B}.Debug|x64.Build.0 = Debug|Any CPU
		{85972A06-5980-4B82-A83A-A97D3A24EE2B}.Release|Any CPU.ActiveCfg = Release|Any CPU
		{85972A06-5980-4B82-A83A-A97D3A24EE2B}.Release|Any CPU.Build.0 = Release|Any CPU
		{85972A06-5980-4B82-A83A-A97D3A24EE2B}.Release|x64.ActiveCfg = Release|Any CPU
		{85972A06-5980-4B82-A83A-A97D3A24EE2B}.Release|x64.Build.0 = Release|Any CPU
		{E5FF8662-5B06-4C9F-8108-73FEE013DD0E}.Debug|Any CPU.ActiveCfg = Debug|Any CPU
		{E5FF8662-5B06-4C9F-8108-73FEE013DD0E}.Debug|Any CPU.Build.0 = Debug|Any CPU
		{E5FF8662-5B06-4C9F-8108-73FEE013DD0E}.Debug|x64.ActiveCfg = Debug|Any CPU
		{E5FF8662-5B06-4C9F-8108-73FEE013DD0E}.Debug|x64.Build.0 = Debug|Any CPU
		{E5FF8662-5B06-4C9F-8108-73FEE013DD0E}.Release|Any CPU.ActiveCfg = Release|Any CPU
		{E5FF8662-5B06-4C9F-8108-73FEE013DD0E}.Release|Any CPU.Build.0 = Release|Any CPU
		{E5FF8662-5B06-4C9F-8108-73FEE013DD0E}.Release|x64.ActiveCfg = Release|Any CPU
		{E5FF8662-5B06-4C9F-8108-73FEE013DD0E}.Release|x64.Build.0 = Release|Any CPU
		{8954E73C-4B66-4D42-94B6-DC79EE15EEAA}.Debug|Any CPU.ActiveCfg = Debug|Any CPU
		{8954E73C-4B66-4D42-94B6-DC79EE15EEAA}.Debug|Any CPU.Build.0 = Debug|Any CPU
		{8954E73C-4B66-4D42-94B6-DC79EE15EEAA}.Debug|x64.ActiveCfg = Debug|Any CPU
		{8954E73C-4B66-4D42-94B6-DC79EE15EEAA}.Debug|x64.Build.0 = Debug|Any CPU
		{8954E73C-4B66-4D42-94B6-DC79EE15EEAA}.Release|Any CPU.ActiveCfg = Release|Any CPU
		{8954E73C-4B66-4D42-94B6-DC79EE15EEAA}.Release|Any CPU.Build.0 = Release|Any CPU
		{8954E73C-4B66-4D42-94B6-DC79EE15EEAA}.Release|x64.ActiveCfg = Release|Any CPU
		{8954E73C-4B66-4D42-94B6-DC79EE15EEAA}.Release|x64.Build.0 = Release|Any CPU
		{15873CA7-90F5-4185-B830-6321D6F67BC7}.Debug|Any CPU.ActiveCfg = Debug|Any CPU
		{15873CA7-90F5-4185-B830-6321D6F67BC7}.Debug|Any CPU.Build.0 = Debug|Any CPU
		{15873CA7-90F5-4185-B830-6321D6F67BC7}.Debug|x64.ActiveCfg = Debug|Any CPU
		{15873CA7-90F5-4185-B830-6321D6F67BC7}.Debug|x64.Build.0 = Debug|Any CPU
		{15873CA7-90F5-4185-B830-6321D6F67BC7}.Release|Any CPU.ActiveCfg = Release|Any CPU
		{15873CA7-90F5-4185-B830-6321D6F67BC7}.Release|Any CPU.Build.0 = Release|Any CPU
		{15873CA7-90F5-4185-B830-6321D6F67BC7}.Release|x64.ActiveCfg = Release|Any CPU
		{15873CA7-90F5-4185-B830-6321D6F67BC7}.Release|x64.Build.0 = Release|Any CPU
		{CE980925-D9B4-4E7E-8FAF-B729B8360545}.Debug|Any CPU.ActiveCfg = Debug|Any CPU
		{CE980925-D9B4-4E7E-8FAF-B729B8360545}.Debug|Any CPU.Build.0 = Debug|Any CPU
		{CE980925-D9B4-4E7E-8FAF-B729B8360545}.Debug|x64.ActiveCfg = Debug|Any CPU
		{CE980925-D9B4-4E7E-8FAF-B729B8360545}.Debug|x64.Build.0 = Debug|Any CPU
		{CE980925-D9B4-4E7E-8FAF-B729B8360545}.Release|Any CPU.ActiveCfg = Release|Any CPU
		{CE980925-D9B4-4E7E-8FAF-B729B8360545}.Release|Any CPU.Build.0 = Release|Any CPU
		{CE980925-D9B4-4E7E-8FAF-B729B8360545}.Release|x64.ActiveCfg = Release|Any CPU
		{CE980925-D9B4-4E7E-8FAF-B729B8360545}.Release|x64.Build.0 = Release|Any CPU
		{A8E50EDD-1BAE-41BD-B2B3-EA746A5006A5}.Debug|Any CPU.ActiveCfg = Debug|Any CPU
		{A8E50EDD-1BAE-41BD-B2B3-EA746A5006A5}.Debug|Any CPU.Build.0 = Debug|Any CPU
		{A8E50EDD-1BAE-41BD-B2B3-EA746A5006A5}.Debug|x64.ActiveCfg = Debug|Any CPU
		{A8E50EDD-1BAE-41BD-B2B3-EA746A5006A5}.Debug|x64.Build.0 = Debug|Any CPU
		{A8E50EDD-1BAE-41BD-B2B3-EA746A5006A5}.Release|Any CPU.ActiveCfg = Release|Any CPU
		{A8E50EDD-1BAE-41BD-B2B3-EA746A5006A5}.Release|Any CPU.Build.0 = Release|Any CPU
		{A8E50EDD-1BAE-41BD-B2B3-EA746A5006A5}.Release|x64.ActiveCfg = Release|Any CPU
		{A8E50EDD-1BAE-41BD-B2B3-EA746A5006A5}.Release|x64.Build.0 = Release|Any CPU
		{7ABBA7D6-AC1B-4B8B-B9F8-520303838D7E}.Debug|Any CPU.ActiveCfg = Debug|Any CPU
		{7ABBA7D6-AC1B-4B8B-B9F8-520303838D7E}.Debug|Any CPU.Build.0 = Debug|Any CPU
		{7ABBA7D6-AC1B-4B8B-B9F8-520303838D7E}.Debug|x64.ActiveCfg = Debug|Any CPU
		{7ABBA7D6-AC1B-4B8B-B9F8-520303838D7E}.Debug|x64.Build.0 = Debug|Any CPU
		{7ABBA7D6-AC1B-4B8B-B9F8-520303838D7E}.Release|Any CPU.ActiveCfg = Release|Any CPU
		{7ABBA7D6-AC1B-4B8B-B9F8-520303838D7E}.Release|Any CPU.Build.0 = Release|Any CPU
		{7ABBA7D6-AC1B-4B8B-B9F8-520303838D7E}.Release|x64.ActiveCfg = Release|Any CPU
		{7ABBA7D6-AC1B-4B8B-B9F8-520303838D7E}.Release|x64.Build.0 = Release|Any CPU
		{C8E8D63B-B2F3-4F9F-8DA3-5D49BD20E64D}.Debug|Any CPU.ActiveCfg = Debug|Any CPU
		{C8E8D63B-B2F3-4F9F-8DA3-5D49BD20E64D}.Debug|Any CPU.Build.0 = Debug|Any CPU
		{C8E8D63B-B2F3-4F9F-8DA3-5D49BD20E64D}.Debug|x64.ActiveCfg = Debug|Any CPU
		{C8E8D63B-B2F3-4F9F-8DA3-5D49BD20E64D}.Debug|x64.Build.0 = Debug|Any CPU
		{C8E8D63B-B2F3-4F9F-8DA3-5D49BD20E64D}.Release|Any CPU.ActiveCfg = Release|Any CPU
		{C8E8D63B-B2F3-4F9F-8DA3-5D49BD20E64D}.Release|Any CPU.Build.0 = Release|Any CPU
		{C8E8D63B-B2F3-4F9F-8DA3-5D49BD20E64D}.Release|x64.ActiveCfg = Release|Any CPU
		{C8E8D63B-B2F3-4F9F-8DA3-5D49BD20E64D}.Release|x64.Build.0 = Release|Any CPU
		{F7069B9D-31AB-494F-A083-8F7F3AFB7033}.Debug|Any CPU.ActiveCfg = Debug|Any CPU
		{F7069B9D-31AB-494F-A083-8F7F3AFB7033}.Debug|Any CPU.Build.0 = Debug|Any CPU
		{F7069B9D-31AB-494F-A083-8F7F3AFB7033}.Debug|x64.ActiveCfg = Debug|Any CPU
		{F7069B9D-31AB-494F-A083-8F7F3AFB7033}.Debug|x64.Build.0 = Debug|Any CPU
		{F7069B9D-31AB-494F-A083-8F7F3AFB7033}.Release|Any CPU.ActiveCfg = Release|Any CPU
		{F7069B9D-31AB-494F-A083-8F7F3AFB7033}.Release|Any CPU.Build.0 = Release|Any CPU
		{F7069B9D-31AB-494F-A083-8F7F3AFB7033}.Release|x64.ActiveCfg = Release|Any CPU
		{F7069B9D-31AB-494F-A083-8F7F3AFB7033}.Release|x64.Build.0 = Release|Any CPU
		{B0B92AE1-AC01-4611-9A3F-3698E64B5F57}.Debug|Any CPU.ActiveCfg = Debug|Any CPU
		{B0B92AE1-AC01-4611-9A3F-3698E64B5F57}.Debug|Any CPU.Build.0 = Debug|Any CPU
		{B0B92AE1-AC01-4611-9A3F-3698E64B5F57}.Debug|x64.ActiveCfg = Debug|Any CPU
		{B0B92AE1-AC01-4611-9A3F-3698E64B5F57}.Debug|x64.Build.0 = Debug|Any CPU
		{B0B92AE1-AC01-4611-9A3F-3698E64B5F57}.Release|Any CPU.ActiveCfg = Release|Any CPU
		{B0B92AE1-AC01-4611-9A3F-3698E64B5F57}.Release|Any CPU.Build.0 = Release|Any CPU
		{B0B92AE1-AC01-4611-9A3F-3698E64B5F57}.Release|x64.ActiveCfg = Release|Any CPU
		{B0B92AE1-AC01-4611-9A3F-3698E64B5F57}.Release|x64.Build.0 = Release|Any CPU
		{EE4E65BC-7CDA-42D9-90F8-AFB745A43FD4}.Debug|Any CPU.ActiveCfg = Debug|Any CPU
		{EE4E65BC-7CDA-42D9-90F8-AFB745A43FD4}.Debug|Any CPU.Build.0 = Debug|Any CPU
		{EE4E65BC-7CDA-42D9-90F8-AFB745A43FD4}.Debug|x64.ActiveCfg = Debug|Any CPU
		{EE4E65BC-7CDA-42D9-90F8-AFB745A43FD4}.Debug|x64.Build.0 = Debug|Any CPU
		{EE4E65BC-7CDA-42D9-90F8-AFB745A43FD4}.Release|Any CPU.ActiveCfg = Release|Any CPU
		{EE4E65BC-7CDA-42D9-90F8-AFB745A43FD4}.Release|Any CPU.Build.0 = Release|Any CPU
		{EE4E65BC-7CDA-42D9-90F8-AFB745A43FD4}.Release|x64.ActiveCfg = Release|Any CPU
		{EE4E65BC-7CDA-42D9-90F8-AFB745A43FD4}.Release|x64.Build.0 = Release|Any CPU
		{3FB177F4-76FD-4E16-8542-6938A2DD1C2E}.Debug|Any CPU.ActiveCfg = Debug|Any CPU
		{3FB177F4-76FD-4E16-8542-6938A2DD1C2E}.Debug|Any CPU.Build.0 = Debug|Any CPU
		{3FB177F4-76FD-4E16-8542-6938A2DD1C2E}.Debug|x64.ActiveCfg = Debug|Any CPU
		{3FB177F4-76FD-4E16-8542-6938A2DD1C2E}.Debug|x64.Build.0 = Debug|Any CPU
		{3FB177F4-76FD-4E16-8542-6938A2DD1C2E}.Release|Any CPU.ActiveCfg = Release|Any CPU
		{3FB177F4-76FD-4E16-8542-6938A2DD1C2E}.Release|Any CPU.Build.0 = Release|Any CPU
		{3FB177F4-76FD-4E16-8542-6938A2DD1C2E}.Release|x64.ActiveCfg = Release|Any CPU
		{3FB177F4-76FD-4E16-8542-6938A2DD1C2E}.Release|x64.Build.0 = Release|Any CPU
		{64E9ED3C-69A7-4236-B1DF-BA64E7ED16F7}.Debug|Any CPU.ActiveCfg = Debug|Any CPU
		{64E9ED3C-69A7-4236-B1DF-BA64E7ED16F7}.Debug|Any CPU.Build.0 = Debug|Any CPU
		{64E9ED3C-69A7-4236-B1DF-BA64E7ED16F7}.Debug|x64.ActiveCfg = Debug|Any CPU
		{64E9ED3C-69A7-4236-B1DF-BA64E7ED16F7}.Debug|x64.Build.0 = Debug|Any CPU
		{64E9ED3C-69A7-4236-B1DF-BA64E7ED16F7}.Release|Any CPU.ActiveCfg = Release|Any CPU
		{64E9ED3C-69A7-4236-B1DF-BA64E7ED16F7}.Release|Any CPU.Build.0 = Release|Any CPU
		{64E9ED3C-69A7-4236-B1DF-BA64E7ED16F7}.Release|x64.ActiveCfg = Release|Any CPU
		{64E9ED3C-69A7-4236-B1DF-BA64E7ED16F7}.Release|x64.Build.0 = Release|Any CPU
	EndGlobalSection
	GlobalSection(SolutionProperties) = preSolution
		HideSolutionNode = FALSE
	EndGlobalSection
	GlobalSection(NestedProjects) = preSolution
		{608E506F-C3E2-4F79-BD67-53FF25652BD8} = {C85369E0-02F5-4F39-8C5C-ED4171F6BD48}
		{2ACFA8D7-4849-4BB9-BFD3-8C7856177A45} = {76F77846-C967-4D0B-958A-8A430248DAB7}
		{F9F77172-CA18-4509-8D39-8A19A1ACA325} = {B4726436-74D5-4DA6-9DCB-0F678E8E3952}
		{CEC0E08D-8F82-4585-9B7F-401AEB279884} = {B4726436-74D5-4DA6-9DCB-0F678E8E3952}
		{C00BF4D2-588A-4767-B86B-6A2493839827} = {76F77846-C967-4D0B-958A-8A430248DAB7}
		{C60F54A6-3A20-4325-9D0B-7C7E0773D4D5} = {B4726436-74D5-4DA6-9DCB-0F678E8E3952}
		{F199DAAA-B42C-4D8C-86A1-7AB2AA49B17F} = {76F77846-C967-4D0B-958A-8A430248DAB7}
		{304D7D29-5DDA-4EEC-A55B-5ED02774E4B4} = {9B235E46-20CB-47CC-AA3B-D531E3F38A95}
		{13074A9D-91B4-4BF7-9385-AA26D7D4861E} = {9B235E46-20CB-47CC-AA3B-D531E3F38A95}
		{D75DC775-E7BD-4DCC-ADCC-D231F77F7896} = {C85369E0-02F5-4F39-8C5C-ED4171F6BD48}
		{956320B0-12BA-4B42-90BF-6737289B47CF} = {C85369E0-02F5-4F39-8C5C-ED4171F6BD48}
		{5D73D944-81C7-4684-9CCE-D864C827C7CD} = {76F77846-C967-4D0B-958A-8A430248DAB7}
		{E5FF8662-5B06-4C9F-8108-73FEE013DD0E} = {A902CCC5-F2A3-4142-BF68-3566AA24D0B4}
		{8954E73C-4B66-4D42-94B6-DC79EE15EEAA} = {A902CCC5-F2A3-4142-BF68-3566AA24D0B4}
		{15873CA7-90F5-4185-B830-6321D6F67BC7} = {A902CCC5-F2A3-4142-BF68-3566AA24D0B4}
		{CE980925-D9B4-4E7E-8FAF-B729B8360545} = {76F77846-C967-4D0B-958A-8A430248DAB7}
		{A8E50EDD-1BAE-41BD-B2B3-EA746A5006A5} = {9B235E46-20CB-47CC-AA3B-D531E3F38A95}
		{7ABBA7D6-AC1B-4B8B-B9F8-520303838D7E} = {76F77846-C967-4D0B-958A-8A430248DAB7}
		{F7069B9D-31AB-494F-A083-8F7F3AFB7033} = {B4726436-74D5-4DA6-9DCB-0F678E8E3952}
		{B0B92AE1-AC01-4611-9A3F-3698E64B5F57} = {C85369E0-02F5-4F39-8C5C-ED4171F6BD48}
		{EE4E65BC-7CDA-42D9-90F8-AFB745A43FD4} = {9B235E46-20CB-47CC-AA3B-D531E3F38A95}
		{3FB177F4-76FD-4E16-8542-6938A2DD1C2E} = {A902CCC5-F2A3-4142-BF68-3566AA24D0B4}
		{64E9ED3C-69A7-4236-B1DF-BA64E7ED16F7} = {B4726436-74D5-4DA6-9DCB-0F678E8E3952}
	EndGlobalSection
	GlobalSection(ExtensibilityGlobals) = postSolution
		SolutionGuid = {AA04FBD1-6C0A-4C90-9337-7482DD922410}
	EndGlobalSection
EndGlobal
